// !$*UTF8*$!
{
	archiveVersion = 1;
	classes = {
	};
	objectVersion = 55;
	objects = {

/* Begin PBXBuildFile section */
		976D02FF27EA5DC300C0BD2C /* AppDelegate.swift in Sources */ = {isa = PBXBuildFile; fileRef = 976D02FE27EA5DC300C0BD2C /* AppDelegate.swift */; };
		976D030127EA5DC300C0BD2C /* SceneDelegate.swift in Sources */ = {isa = PBXBuildFile; fileRef = 976D030027EA5DC300C0BD2C /* SceneDelegate.swift */; };
		976D030327EA5DC300C0BD2C /* ViewController.swift in Sources */ = {isa = PBXBuildFile; fileRef = 976D030227EA5DC300C0BD2C /* ViewController.swift */; };
		976D030627EA5DC300C0BD2C /* Main.storyboard in Resources */ = {isa = PBXBuildFile; fileRef = 976D030427EA5DC300C0BD2C /* Main.storyboard */; };
		976D030927EA5DC300C0BD2C /* Notes_CoreData_.xcdatamodeld in Sources */ = {isa = PBXBuildFile; fileRef = 976D030727EA5DC300C0BD2C /* Notes_CoreData_.xcdatamodeld */; };
		976D030B27EA5DC400C0BD2C /* Assets.xcassets in Resources */ = {isa = PBXBuildFile; fileRef = 976D030A27EA5DC400C0BD2C /* Assets.xcassets */; };
		976D030E27EA5DC400C0BD2C /* LaunchScreen.storyboard in Resources */ = {isa = PBXBuildFile; fileRef = 976D030C27EA5DC400C0BD2C /* LaunchScreen.storyboard */; };
		976D031727EA5E1500C0BD2C /* NotesItem+CoreDataClass.swift in Sources */ = {isa = PBXBuildFile; fileRef = 976D031527EA5E1500C0BD2C /* NotesItem+CoreDataClass.swift */; };
		976D031827EA5E1500C0BD2C /* NotesItem+CoreDataProperties.swift in Sources */ = {isa = PBXBuildFile; fileRef = 976D031627EA5E1500C0BD2C /* NotesItem+CoreDataProperties.swift */; };
/* End PBXBuildFile section */

/* Begin PBXFileReference section */
		976D02FB27EA5DC300C0BD2C /* Notes(CoreData).app */ = {isa = PBXFileReference; explicitFileType = wrapper.application; includeInIndex = 0; path = "Notes(CoreData).app"; sourceTree = BUILT_PRODUCTS_DIR; };
		976D02FE27EA5DC300C0BD2C /* AppDelegate.swift */ = {isa = PBXFileReference; lastKnownFileType = sourcecode.swift; path = AppDelegate.swift; sourceTree = "<group>"; };
		976D030027EA5DC300C0BD2C /* SceneDelegate.swift */ = {isa = PBXFileReference; lastKnownFileType = sourcecode.swift; path = SceneDelegate.swift; sourceTree = "<group>"; };
		976D030227EA5DC300C0BD2C /* ViewController.swift */ = {isa = PBXFileReference; lastKnownFileType = sourcecode.swift; path = ViewController.swift; sourceTree = "<group>"; };
		976D030527EA5DC300C0BD2C /* Base */ = {isa = PBXFileReference; lastKnownFileType = file.storyboard; name = Base; path = Base.lproj/Main.storyboard; sourceTree = "<group>"; };
		976D030827EA5DC300C0BD2C /* Notes_CoreData_.xcdatamodel */ = {isa = PBXFileReference; lastKnownFileType = wrapper.xcdatamodel; path = Notes_CoreData_.xcdatamodel; sourceTree = "<group>"; };
		976D030A27EA5DC400C0BD2C /* Assets.xcassets */ = {isa = PBXFileReference; lastKnownFileType = folder.assetcatalog; path = Assets.xcassets; sourceTree = "<group>"; };
		976D030D27EA5DC400C0BD2C /* Base */ = {isa = PBXFileReference; lastKnownFileType = file.storyboard; name = Base; path = Base.lproj/LaunchScreen.storyboard; sourceTree = "<group>"; };
		976D030F27EA5DC400C0BD2C /* Info.plist */ = {isa = PBXFileReference; lastKnownFileType = text.plist.xml; path = Info.plist; sourceTree = "<group>"; };
		976D031527EA5E1500C0BD2C /* NotesItem+CoreDataClass.swift */ = {isa = PBXFileReference; lastKnownFileType = sourcecode.swift; path = "NotesItem+CoreDataClass.swift"; sourceTree = "<group>"; };
		976D031627EA5E1500C0BD2C /* NotesItem+CoreDataProperties.swift */ = {isa = PBXFileReference; lastKnownFileType = sourcecode.swift; path = "NotesItem+CoreDataProperties.swift"; sourceTree = "<group>"; };
/* End PBXFileReference section */

/* Begin PBXFrameworksBuildPhase section */
		976D02F827EA5DC300C0BD2C /* Frameworks */ = {
			isa = PBXFrameworksBuildPhase;
			buildActionMask = 2147483647;
			files = (
			);
			runOnlyForDeploymentPostprocessing = 0;
		};
/* End PBXFrameworksBuildPhase section */

/* Begin PBXGroup section */
		976D02F227EA5DC300C0BD2C = {
			isa = PBXGroup;
			children = (
				976D031A27EA5E3C00C0BD2C /* NoteItem */,
				976D02FD27EA5DC300C0BD2C /* Notes(CoreData) */,
				976D02FC27EA5DC300C0BD2C /* Products */,
			);
			sourceTree = "<group>";
		};
		976D02FC27EA5DC300C0BD2C /* Products */ = {
			isa = PBXGroup;
			children = (
				976D02FB27EA5DC300C0BD2C /* Notes(CoreData).app */,
			);
			name = Products;
			sourceTree = "<group>";
		};
		976D02FD27EA5DC300C0BD2C /* Notes(CoreData) */ = {
			isa = PBXGroup;
			children = (
				976D02FE27EA5DC300C0BD2C /* AppDelegate.swift */,
				976D030027EA5DC300C0BD2C /* SceneDelegate.swift */,
				976D030227EA5DC300C0BD2C /* ViewController.swift */,
				976D030427EA5DC300C0BD2C /* Main.storyboard */,
				976D030A27EA5DC400C0BD2C /* Assets.xcassets */,
				976D030C27EA5DC400C0BD2C /* LaunchScreen.storyboard */,
				976D030F27EA5DC400C0BD2C /* Info.plist */,
				976D030727EA5DC300C0BD2C /* Notes_CoreData_.xcdatamodeld */,
			);
			path = "Notes(CoreData)";
			sourceTree = "<group>";
		};
		976D031A27EA5E3C00C0BD2C /* NoteItem */ = {
			isa = PBXGroup;
			children = (
				976D031527EA5E1500C0BD2C /* NotesItem+CoreDataClass.swift */,
				976D031627EA5E1500C0BD2C /* NotesItem+CoreDataProperties.swift */,
			);
			path = NoteItem;
			sourceTree = "<group>";
		};
/* End PBXGroup section */

/* Begin PBXNativeTarget section */
		976D02FA27EA5DC300C0BD2C /* Notes(CoreData) */ = {
			isa = PBXNativeTarget;
			buildConfigurationList = 976D031227EA5DC400C0BD2C /* Build configuration list for PBXNativeTarget "Notes(CoreData)" */;
			buildPhases = (
				976D02F727EA5DC300C0BD2C /* Sources */,
				976D02F827EA5DC300C0BD2C /* Frameworks */,
				976D02F927EA5DC300C0BD2C /* Resources */,
			);
			buildRules = (
			);
			dependencies = (
			);
			name = "Notes(CoreData)";
			productName = "Notes(CoreData)";
			productReference = 976D02FB27EA5DC300C0BD2C /* Notes(CoreData).app */;
			productType = "com.apple.product-type.application";
		};
/* End PBXNativeTarget section */

/* Begin PBXProject section */
		976D02F327EA5DC300C0BD2C /* Project object */ = {
			isa = PBXProject;
			attributes = {
				BuildIndependentTargetsInParallel = 1;
				LastSwiftUpdateCheck = 1310;
				LastUpgradeCheck = 1310;
				TargetAttributes = {
					976D02FA27EA5DC300C0BD2C = {
						CreatedOnToolsVersion = 13.1;
					};
				};
			};
			buildConfigurationList = 976D02F627EA5DC300C0BD2C /* Build configuration list for PBXProject "Notes(CoreData)" */;
			compatibilityVersion = "Xcode 13.0";
			developmentRegion = en;
			hasScannedForEncodings = 0;
			knownRegions = (
				en,
				Base,
			);
			mainGroup = 976D02F227EA5DC300C0BD2C;
			productRefGroup = 976D02FC27EA5DC300C0BD2C /* Products */;
			projectDirPath = "";
			projectRoot = "";
			targets = (
				976D02FA27EA5DC300C0BD2C /* Notes(CoreData) */,
			);
		};
/* End PBXProject section */

/* Begin PBXResourcesBuildPhase section */
		976D02F927EA5DC300C0BD2C /* Resources */ = {
			isa = PBXResourcesBuildPhase;
			buildActionMask = 2147483647;
			files = (
				976D030E27EA5DC400C0BD2C /* LaunchScreen.storyboard in Resources */,
				976D030B27EA5DC400C0BD2C /* Assets.xcassets in Resources */,
				976D030627EA5DC300C0BD2C /* Main.storyboard in Resources */,
			);
			runOnlyForDeploymentPostprocessing = 0;
		};
/* End PBXResourcesBuildPhase section */

/* Begin PBXSourcesBuildPhase section */
		976D02F727EA5DC300C0BD2C /* Sources */ = {
			isa = PBXSourcesBuildPhase;
			buildActionMask = 2147483647;
			files = (
				976D030327EA5DC300C0BD2C /* ViewController.swift in Sources */,
				976D02FF27EA5DC300C0BD2C /* AppDelegate.swift in Sources */,
				976D030927EA5DC300C0BD2C /* Notes_CoreData_.xcdatamodeld in Sources */,
				976D031727EA5E1500C0BD2C /* NotesItem+CoreDataClass.swift in Sources */,
				976D031827EA5E1500C0BD2C /* NotesItem+CoreDataProperties.swift in Sources */,
				976D030127EA5DC300C0BD2C /* SceneDelegate.swift in Sources */,
			);
			runOnlyForDeploymentPostprocessing = 0;
		};
/* End PBXSourcesBuildPhase section */

/* Begin PBXVariantGroup section */
		976D030427EA5DC300C0BD2C /* Main.storyboard */ = {
			isa = PBXVariantGroup;
			children = (
				976D030527EA5DC300C0BD2C /* Base */,
			);
			name = Main.storyboard;
			sourceTree = "<group>";
		};
		976D030C27EA5DC400C0BD2C /* LaunchScreen.storyboard */ = {
			isa = PBXVariantGroup;
			children = (
				976D030D27EA5DC400C0BD2C /* Base */,
			);
			name = LaunchScreen.storyboard;
			sourceTree = "<group>";
		};
/* End PBXVariantGroup section */

/* Begin XCBuildConfiguration section */
		976D031027EA5DC400C0BD2C /* Debug */ = {
			isa = XCBuildConfiguration;
			buildSettings = {
				ALWAYS_SEARCH_USER_PATHS = NO;
				CLANG_ANALYZER_NONNULL = YES;
				CLANG_ANALYZER_NUMBER_OBJECT_CONVERSION = YES_AGGRESSIVE;
				CLANG_CXX_LANGUAGE_STANDARD = "gnu++17";
				CLANG_CXX_LIBRARY = "libc++";
				CLANG_ENABLE_MODULES = YES;
				CLANG_ENABLE_OBJC_ARC = YES;
				CLANG_ENABLE_OBJC_WEAK = YES;
				CLANG_WARN_BLOCK_CAPTURE_AUTORELEASING = YES;
				CLANG_WARN_BOOL_CONVERSION = YES;
				CLANG_WARN_COMMA = YES;
				CLANG_WARN_CONSTANT_CONVERSION = YES;
				CLANG_WARN_DEPRECATED_OBJC_IMPLEMENTATIONS = YES;
				CLANG_WARN_DIRECT_OBJC_ISA_USAGE = YES_ERROR;
				CLANG_WARN_DOCUMENTATION_COMMENTS = YES;
				CLANG_WARN_EMPTY_BODY = YES;
				CLANG_WARN_ENUM_CONVERSION = YES;
				CLANG_WARN_INFINITE_RECURSION = YES;
				CLANG_WARN_INT_CONVERSION = YES;
				CLANG_WARN_NON_LITERAL_NULL_CONVERSION = YES;
				CLANG_WARN_OBJC_IMPLICIT_RETAIN_SELF = YES;
				CLANG_WARN_OBJC_LITERAL_CONVERSION = YES;
				CLANG_WARN_OBJC_ROOT_CLASS = YES_ERROR;
				CLANG_WARN_QUOTED_INCLUDE_IN_FRAMEWORK_HEADER = YES;
				CLANG_WARN_RANGE_LOOP_ANALYSIS = YES;
				CLANG_WARN_STRICT_PROTOTYPES = YES;
				CLANG_WARN_SUSPICIOUS_MOVE = YES;
				CLANG_WARN_UNGUARDED_AVAILABILITY = YES_AGGRESSIVE;
				CLANG_WARN_UNREACHABLE_CODE = YES;
				CLANG_WARN__DUPLICATE_METHOD_MATCH = YES;
				COPY_PHASE_STRIP = NO;
				DEBUG_INFORMATION_FORMAT = dwarf;
				ENABLE_STRICT_OBJC_MSGSEND = YES;
				ENABLE_TESTABILITY = YES;
				GCC_C_LANGUAGE_STANDARD = gnu11;
				GCC_DYNAMIC_NO_PIC = NO;
				GCC_NO_COMMON_BLOCKS = YES;
				GCC_OPTIMIZATION_LEVEL = 0;
				GCC_PREPROCESSOR_DEFINITIONS = (
					"DEBUG=1",
					"$(inherited)",
				);
				GCC_WARN_64_TO_32_BIT_CONVERSION = YES;
				GCC_WARN_ABOUT_RETURN_TYPE = YES_ERROR;
				GCC_WARN_UNDECLARED_SELECTOR = YES;
				GCC_WARN_UNINITIALIZED_AUTOS = YES_AGGRESSIVE;
				GCC_WARN_UNUSED_FUNCTION = YES;
				GCC_WARN_UNUSED_VARIABLE = YES;
				IPHONEOS_DEPLOYMENT_TARGET = 15.0;
				MTL_ENABLE_DEBUG_INFO = INCLUDE_SOURCE;
				MTL_FAST_MATH = YES;
				ONLY_ACTIVE_ARCH = YES;
				SDKROOT = iphoneos;
				SWIFT_ACTIVE_COMPILATION_CONDITIONS = DEBUG;
				SWIFT_OPTIMIZATION_LEVEL = "-Onone";
			};
			name = Debug;
		};
		976D031127EA5DC400C0BD2C /* Release */ = {
			isa = XCBuildConfiguration;
			buildSettings = {
				ALWAYS_SEARCH_USER_PATHS = NO;
				CLANG_ANALYZER_NONNULL = YES;
				CLANG_ANALYZER_NUMBER_OBJECT_CONVERSION = YES_AGGRESSIVE;
				CLANG_CXX_LANGUAGE_STANDARD = "gnu++17";
				CLANG_CXX_LIBRARY = "libc++";
				CLANG_ENABLE_MODULES = YES;
				CLANG_ENABLE_OBJC_ARC = YES;
				CLANG_ENABLE_OBJC_WEAK = YES;
				CLANG_WARN_BLOCK_CAPTURE_AUTORELEASING = YES;
				CLANG_WARN_BOOL_CONVERSION = YES;
				CLANG_WARN_COMMA = YES;
				CLANG_WARN_CONSTANT_CONVERSION = YES;
				CLANG_WARN_DEPRECATED_OBJC_IMPLEMENTATIONS = YES;
				CLANG_WARN_DIRECT_OBJC_ISA_USAGE = YES_ERROR;
				CLANG_WARN_DOCUMENTATION_COMMENTS = YES;
				CLANG_WARN_EMPTY_BODY = YES;
				CLANG_WARN_ENUM_CONVERSION = YES;
				CLANG_WARN_INFINITE_RECURSION = YES;
				CLANG_WARN_INT_CONVERSION = YES;
				CLANG_WARN_NON_LITERAL_NULL_CONVERSION = YES;
				CLANG_WARN_OBJC_IMPLICIT_RETAIN_SELF = YES;
				CLANG_WARN_OBJC_LITERAL_CONVERSION = YES;
				CLANG_WARN_OBJC_ROOT_CLASS = YES_ERROR;
				CLANG_WARN_QUOTED_INCLUDE_IN_FRAMEWORK_HEADER = YES;
				CLANG_WARN_RANGE_LOOP_ANALYSIS = YES;
				CLANG_WARN_STRICT_PROTOTYPES = YES;
				CLANG_WARN_SUSPICIOUS_MOVE = YES;
				CLANG_WARN_UNGUARDED_AVAILABILITY = YES_AGGRESSIVE;
				CLANG_WARN_UNREACHABLE_CODE = YES;
				CLANG_WARN__DUPLICATE_METHOD_MATCH = YES;
				COPY_PHASE_STRIP = NO;
				DEBUG_INFORMATION_FORMAT = "dwarf-with-dsym";
				ENABLE_NS_ASSERTIONS = NO;
				ENABLE_STRICT_OBJC_MSGSEND = YES;
				GCC_C_LANGUAGE_STANDARD = gnu11;
				GCC_NO_COMMON_BLOCKS = YES;
				GCC_WARN_64_TO_32_BIT_CONVERSION = YES;
				GCC_WARN_ABOUT_RETURN_TYPE = YES_ERROR;
				GCC_WARN_UNDECLARED_SELECTOR = YES;
				GCC_WARN_UNINITIALIZED_AUTOS = YES_AGGRESSIVE;
				GCC_WARN_UNUSED_FUNCTION = YES;
				GCC_WARN_UNUSED_VARIABLE = YES;
				IPHONEOS_DEPLOYMENT_TARGET = 15.0;
				MTL_ENABLE_DEBUG_INFO = NO;
				MTL_FAST_MATH = YES;
				SDKROOT = iphoneos;
				SWIFT_COMPILATION_MODE = wholemodule;
				SWIFT_OPTIMIZATION_LEVEL = "-O";
				VALIDATE_PRODUCT = YES;
			};
			name = Release;
		};
		976D031327EA5DC400C0BD2C /* Debug */ = {
			isa = XCBuildConfiguration;
			buildSettings = {
				ASSETCATALOG_COMPILER_APPICON_NAME = AppIcon;
				ASSETCATALOG_COMPILER_GLOBAL_ACCENT_COLOR_NAME = AccentColor;
				CODE_SIGN_STYLE = Automatic;
				CURRENT_PROJECT_VERSION = 1;
				DEVELOPMENT_TEAM = A3U43FT35S;
				GENERATE_INFOPLIST_FILE = YES;
				INFOPLIST_FILE = "Notes(CoreData)/Info.plist";
				INFOPLIST_KEY_UIApplicationSupportsIndirectInputEvents = YES;
				INFOPLIST_KEY_UILaunchStoryboardName = LaunchScreen;
				INFOPLIST_KEY_UIMainStoryboardFile = Main;
				INFOPLIST_KEY_UISupportedInterfaceOrientations_iPad = "UIInterfaceOrientationPortrait UIInterfaceOrientationPortraitUpsideDown UIInterfaceOrientationLandscapeLeft UIInterfaceOrientationLandscapeRight";
				INFOPLIST_KEY_UISupportedInterfaceOrientations_iPhone = "UIInterfaceOrientationPortrait UIInterfaceOrientationLandscapeLeft UIInterfaceOrientationLandscapeRight";
				LD_RUNPATH_SEARCH_PATHS = (
					"$(inherited)",
					"@executable_path/Frameworks",
				);
				MARKETING_VERSION = 1.0;
				PRODUCT_BUNDLE_IDENTIFIER = "UIKitCoreDataNotes.Notes-CoreData-";
				PRODUCT_NAME = "$(TARGET_NAME)";
				SWIFT_EMIT_LOC_STRINGS = YES;
				SWIFT_VERSION = 5.0;
				TARGETED_DEVICE_FAMILY = "1,2";
			};
			name = Debug;
		};
		976D031427EA5DC400C0BD2C /* Release */ = {
			isa = XCBuildConfiguration;
			buildSettings = {
				ASSETCATALOG_COMPILER_APPICON_NAME = AppIcon;
				ASSETCATALOG_COMPILER_GLOBAL_ACCENT_COLOR_NAME = AccentColor;
				CODE_SIGN_STYLE = Automatic;
				CURRENT_PROJECT_VERSION = 1;
				DEVELOPMENT_TEAM = A3U43FT35S;
				GENERATE_INFOPLIST_FILE = YES;
				INFOPLIST_FILE = "Notes(CoreData)/Info.plist";
				INFOPLIST_KEY_UIApplicationSupportsIndirectInputEvents = YES;
				INFOPLIST_KEY_UILaunchStoryboardName = LaunchScreen;
				INFOPLIST_KEY_UIMainStoryboardFile = Main;
				INFOPLIST_KEY_UISupportedInterfaceOrientations_iPad = "UIInterfaceOrientationPortrait UIInterfaceOrientationPortraitUpsideDown UIInterfaceOrientationLandscapeLeft UIInterfaceOrientationLandscapeRight";
				INFOPLIST_KEY_UISupportedInterfaceOrientations_iPhone = "UIInterfaceOrientationPortrait UIInterfaceOrientationLandscapeLeft UIInterfaceOrientationLandscapeRight";
				LD_RUNPATH_SEARCH_PATHS = (
					"$(inherited)",
					"@executable_path/Frameworks",
				);
				MARKETING_VERSION = 1.0;
				PRODUCT_BUNDLE_IDENTIFIER = "UIKitCoreDataNotes.Notes-CoreData-";
				PRODUCT_NAME = "$(TARGET_NAME)";
				SWIFT_EMIT_LOC_STRINGS = YES;
				SWIFT_VERSION = 5.0;
				TARGETED_DEVICE_FAMILY = "1,2";
			};
			name = Release;
		};
/* End XCBuildConfiguration section */

/* Begin XCConfigurationList section */
		976D02F627EA5DC300C0BD2C /* Build configuration list for PBXProject "Notes(CoreData)" */ = {
			isa = XCConfigurationList;
			buildConfigurations = (
				976D031027EA5DC400C0BD2C /* Debug */,
				976D031127EA5DC400C0BD2C /* Release */,
			);
			defaultConfigurationIsVisible = 0;
			defaultConfigurationName = Release;
		};
		976D031227EA5DC400C0BD2C /* Build configuration list for PBXNativeTarget "Notes(CoreData)" */ = {
			isa = XCConfigurationList;
			buildConfigurations = (
				976D031327EA5DC400C0BD2C /* Debug */,
				976D031427EA5DC400C0BD2C /* Release */,
			);
			defaultConfigurationIsVisible = 0;
			defaultConfigurationName = Release;
		};
/* End XCConfigurationList section */

/* Begin XCVersionGroup section */
		976D030727EA5DC300C0BD2C /* Notes_CoreData_.xcdatamodeld */ = {
			isa = XCVersionGroup;
			children = (
				976D030827EA5DC300C0BD2C /* Notes_CoreData_.xcdatamodel */,
			);
			currentVersion = 976D030827EA5DC300C0BD2C /* Notes_CoreData_.xcdatamodel */;
			path = Notes_CoreData_.xcdatamodeld;
			sourceTree = "<group>";
			versionGroupType = wrapper.xcdatamodel;
		};
/* End XCVersionGroup section */
	};
	rootObject = 976D02F327EA5DC300C0BD2C /* Project object */;
}
